
Microsoft Visual Studio Solution File, Format Version 12.00
# Visual Studio Version 16
VisualStudioVersion = 16.0.30804.86
MinimumVisualStudioVersion = 10.0.40219.1
Project("{FAE04EC0-301F-11D3-BF4B-00C04F79EFBC}") = "Tihi_2022-11-23", "Tihi_2022-11-23\Tihi_2022-11-23.csproj", "{EB0FF257-48BE-4247-B72B-BF99AC604668}"
EndProject
Global
	GlobalSection(SolutionConfigurationPlatforms) = preSolution
		Debug|Any CPU = Debug|Any CPU
		Release|Any CPU = Release|Any CPU
	EndGlobalSection
	GlobalSection(ProjectConfigurationPlatforms) = postSolution
		{EB0FF257-48BE-4247-B72B-BF99AC604668}.Debug|Any CPU.ActiveCfg = Debug|Any CPU
		{EB0FF257-48BE-4247-B72B-BF99AC604668}.Debug|Any CPU.Build.0 = Debug|Any CPU
		{EB0FF257-48BE-4247-B72B-BF99AC604668}.Release|Any CPU.ActiveCfg = Release|Any CPU
		{EB0FF257-48BE-4247-B72B-BF99AC604668}.Release|Any CPU.Build.0 = Release|Any CPU
	EndGlobalSection
	GlobalSection(SolutionProperties) = preSolution
		HideSolutionNode = FALSE
	EndGlobalSection
	GlobalSection(ExtensibilityGlobals) = postSolution
		SolutionGuid = {4EED7E2B-D61B-44C0-B7D9-42B595A1FBDD}
	EndGlobalSection
EndGlobal
